
Microsoft Visual Studio Solution File, Format Version 12.00
# Visual Studio Version 16
VisualStudioVersion = 16.0.31402.337
MinimumVisualStudioVersion = 10.0.40219.1
Project("{FAE04EC0-301F-11D3-BF4B-00C04F79EFBC}") = "ConsoleAppOOP", "ConsoleAppOOP\ConsoleAppOOP.csproj", "{B8AF15C5-BF6B-49A0-A4A2-ECD1FB367AE0}"
EndProject
Global
	GlobalSection(SolutionConfigurationPlatforms) = preSolution
		Debug|Any CPU = Debug|Any CPU
		Release|Any CPU = Release|Any CPU
	EndGlobalSection
	GlobalSection(ProjectConfigurationPlatforms) = postSolution
		{B8AF15C5-BF6B-49A0-A4A2-ECD1FB367AE0}.Debug|Any CPU.ActiveCfg = Debug|Any CPU
		{B8AF15C5-BF6B-49A0-A4A2-ECD1FB367AE0}.Debug|Any CPU.Build.0 = Debug|Any CPU
		{B8AF15C5-BF6B-49A0-A4A2-ECD1FB367AE0}.Release|Any CPU.ActiveCfg = Release|Any CPU
		{B8AF15C5-BF6B-49A0-A4A2-ECD1FB367AE0}.Release|Any CPU.Build.0 = Release|Any CPU
	EndGlobalSection
	GlobalSection(SolutionProperties) = preSolution
		HideSolutionNode = FALSE
	EndGlobalSection
	GlobalSection(ExtensibilityGlobals) = postSolution
		SolutionGuid = {0B796CB2-66EC-486A-8C70-B05A73688EF7}
	EndGlobalSection
EndGlobal
