
Microsoft Visual Studio Solution File, Format Version 12.00
# Visual Studio Version 16
VisualStudioVersion = 16.0.31402.337
MinimumVisualStudioVersion = 10.0.40219.1
Project("{FAE04EC0-301F-11D3-BF4B-00C04F79EFBC}") = "WpfAppWPFWindows PresentatioFoundation", "WpfAppWPFWindows PresentatioFoundation\WpfAppWPFWindows PresentatioFoundation.csproj", "{06D64BB9-A9F8-4B29-BD1A-23ABAE44B435}"
EndProject
Global
	GlobalSection(SolutionConfigurationPlatforms) = preSolution
		Debug|Any CPU = Debug|Any CPU
		Release|Any CPU = Release|Any CPU
	EndGlobalSection
	GlobalSection(ProjectConfigurationPlatforms) = postSolution
		{06D64BB9-A9F8-4B29-BD1A-23ABAE44B435}.Debug|Any CPU.ActiveCfg = Debug|Any CPU
		{06D64BB9-A9F8-4B29-BD1A-23ABAE44B435}.Debug|Any CPU.Build.0 = Debug|Any CPU
		{06D64BB9-A9F8-4B29-BD1A-23ABAE44B435}.Release|Any CPU.ActiveCfg = Release|Any CPU
		{06D64BB9-A9F8-4B29-BD1A-23ABAE44B435}.Release|Any CPU.Build.0 = Release|Any CPU
	EndGlobalSection
	GlobalSection(SolutionProperties) = preSolution
		HideSolutionNode = FALSE
	EndGlobalSection
	GlobalSection(ExtensibilityGlobals) = postSolution
		SolutionGuid = {E71C8170-A66D-450D-9A98-D3874CBFFF97}
	EndGlobalSection
EndGlobal
