
Microsoft Visual Studio Solution File, Format Version 12.00
# Visual Studio Version 16
VisualStudioVersion = 16.0.31402.337
MinimumVisualStudioVersion = 10.0.40219.1
Project("{FAE04EC0-301F-11D3-BF4B-00C04F79EFBC}") = "ConsoleAppOOPInheritance", "ConsoleAppOOPInheritance\ConsoleAppOOPInheritance.csproj", "{4FCD5D7B-3E4B-472F-9D7F-1A69F8AA1A23}"
EndProject
Global
	GlobalSection(SolutionConfigurationPlatforms) = preSolution
		Debug|Any CPU = Debug|Any CPU
		Release|Any CPU = Release|Any CPU
	EndGlobalSection
	GlobalSection(ProjectConfigurationPlatforms) = postSolution
		{4FCD5D7B-3E4B-472F-9D7F-1A69F8AA1A23}.Debug|Any CPU.ActiveCfg = Debug|Any CPU
		{4FCD5D7B-3E4B-472F-9D7F-1A69F8AA1A23}.Debug|Any CPU.Build.0 = Debug|Any CPU
		{4FCD5D7B-3E4B-472F-9D7F-1A69F8AA1A23}.Release|Any CPU.ActiveCfg = Release|Any CPU
		{4FCD5D7B-3E4B-472F-9D7F-1A69F8AA1A23}.Release|Any CPU.Build.0 = Release|Any CPU
	EndGlobalSection
	GlobalSection(SolutionProperties) = preSolution
		HideSolutionNode = FALSE
	EndGlobalSection
	GlobalSection(ExtensibilityGlobals) = postSolution
		SolutionGuid = {EFD7F548-1109-4BE4-93EE-0551688F6AFA}
	EndGlobalSection
EndGlobal
