
Microsoft Visual Studio Solution File, Format Version 12.00
# Visual Studio Version 16
VisualStudioVersion = 16.0.31402.337
MinimumVisualStudioVersion = 10.0.40219.1
Project("{FAE04EC0-301F-11D3-BF4B-00C04F79EFBC}") = "HelloWorld", "HelloWorld\HelloWorld.csproj", "{089A6269-4D5E-488C-9970-B9D8E6BECB42}"
EndProject
Global
	GlobalSection(SolutionConfigurationPlatforms) = preSolution
		Debug|Any CPU = Debug|Any CPU
		Release|Any CPU = Release|Any CPU
	EndGlobalSection
	GlobalSection(ProjectConfigurationPlatforms) = postSolution
		{089A6269-4D5E-488C-9970-B9D8E6BECB42}.Debug|Any CPU.ActiveCfg = Debug|Any CPU
		{089A6269-4D5E-488C-9970-B9D8E6BECB42}.Debug|Any CPU.Build.0 = Debug|Any CPU
		{089A6269-4D5E-488C-9970-B9D8E6BECB42}.Release|Any CPU.ActiveCfg = Release|Any CPU
		{089A6269-4D5E-488C-9970-B9D8E6BECB42}.Release|Any CPU.Build.0 = Release|Any CPU
	EndGlobalSection
	GlobalSection(SolutionProperties) = preSolution
		HideSolutionNode = FALSE
	EndGlobalSection
	GlobalSection(ExtensibilityGlobals) = postSolution
		SolutionGuid = {474F9F36-6342-4E20-AEE0-F45F75525AA4}
	EndGlobalSection
EndGlobal
