
Microsoft Visual Studio Solution File, Format Version 12.00
# Visual Studio Version 16
VisualStudioVersion = 16.0.31402.337
MinimumVisualStudioVersion = 10.0.40219.1
Project("{FAE04EC0-301F-11D3-BF4B-00C04F79EFBC}") = "ConsoleAppCollectionsSortedDictionary", "ConsoleAppCollectionsSortedDictionary\ConsoleAppCollectionsSortedDictionary.csproj", "{7EC3FFED-F8CF-4E09-8FDE-38D23536DC9D}"
EndProject
Global
	GlobalSection(SolutionConfigurationPlatforms) = preSolution
		Debug|Any CPU = Debug|Any CPU
		Release|Any CPU = Release|Any CPU
	EndGlobalSection
	GlobalSection(ProjectConfigurationPlatforms) = postSolution
		{7EC3FFED-F8CF-4E09-8FDE-38D23536DC9D}.Debug|Any CPU.ActiveCfg = Debug|Any CPU
		{7EC3FFED-F8CF-4E09-8FDE-38D23536DC9D}.Debug|Any CPU.Build.0 = Debug|Any CPU
		{7EC3FFED-F8CF-4E09-8FDE-38D23536DC9D}.Release|Any CPU.ActiveCfg = Release|Any CPU
		{7EC3FFED-F8CF-4E09-8FDE-38D23536DC9D}.Release|Any CPU.Build.0 = Release|Any CPU
	EndGlobalSection
	GlobalSection(SolutionProperties) = preSolution
		HideSolutionNode = FALSE
	EndGlobalSection
	GlobalSection(ExtensibilityGlobals) = postSolution
		SolutionGuid = {6E61831C-5C4F-4B4C-A8F0-FAA2E005074E}
	EndGlobalSection
EndGlobal
