
Microsoft Visual Studio Solution File, Format Version 12.00
# Visual Studio Version 16
VisualStudioVersion = 16.0.31402.337
MinimumVisualStudioVersion = 10.0.40219.1
Project("{FAE04EC0-301F-11D3-BF4B-00C04F79EFBC}") = "ConsoleAppFileIOA", "ConsoleAppFileIOA\ConsoleAppFileIOA.csproj", "{449A4F35-18D8-4AE7-B690-9C07899EC142}"
EndProject
Global
	GlobalSection(SolutionConfigurationPlatforms) = preSolution
		Debug|Any CPU = Debug|Any CPU
		Release|Any CPU = Release|Any CPU
	EndGlobalSection
	GlobalSection(ProjectConfigurationPlatforms) = postSolution
		{449A4F35-18D8-4AE7-B690-9C07899EC142}.Debug|Any CPU.ActiveCfg = Debug|Any CPU
		{449A4F35-18D8-4AE7-B690-9C07899EC142}.Debug|Any CPU.Build.0 = Debug|Any CPU
		{449A4F35-18D8-4AE7-B690-9C07899EC142}.Release|Any CPU.ActiveCfg = Release|Any CPU
		{449A4F35-18D8-4AE7-B690-9C07899EC142}.Release|Any CPU.Build.0 = Release|Any CPU
	EndGlobalSection
	GlobalSection(SolutionProperties) = preSolution
		HideSolutionNode = FALSE
	EndGlobalSection
	GlobalSection(ExtensibilityGlobals) = postSolution
		SolutionGuid = {19A93DAF-6968-4077-823E-E2557D757F17}
	EndGlobalSection
EndGlobal
