
Microsoft Visual Studio Solution File, Format Version 12.00
# Visual Studio Version 16
VisualStudioVersion = 16.0.31402.337
MinimumVisualStudioVersion = 10.0.40219.1
Project("{FAE04EC0-301F-11D3-BF4B-00C04F79EFBC}") = "WpfAppGUIListViewControl", "WpfAppGUIListViewControl\WpfAppGUIListViewControl.csproj", "{2255DCA9-4F84-4D3E-89A2-58CBE2DB06F7}"
EndProject
Global
	GlobalSection(SolutionConfigurationPlatforms) = preSolution
		Debug|Any CPU = Debug|Any CPU
		Release|Any CPU = Release|Any CPU
	EndGlobalSection
	GlobalSection(ProjectConfigurationPlatforms) = postSolution
		{2255DCA9-4F84-4D3E-89A2-58CBE2DB06F7}.Debug|Any CPU.ActiveCfg = Debug|Any CPU
		{2255DCA9-4F84-4D3E-89A2-58CBE2DB06F7}.Debug|Any CPU.Build.0 = Debug|Any CPU
		{2255DCA9-4F84-4D3E-89A2-58CBE2DB06F7}.Release|Any CPU.ActiveCfg = Release|Any CPU
		{2255DCA9-4F84-4D3E-89A2-58CBE2DB06F7}.Release|Any CPU.Build.0 = Release|Any CPU
	EndGlobalSection
	GlobalSection(SolutionProperties) = preSolution
		HideSolutionNode = FALSE
	EndGlobalSection
	GlobalSection(ExtensibilityGlobals) = postSolution
		SolutionGuid = {594183C3-8514-4E17-984C-164FE08E8F9D}
	EndGlobalSection
EndGlobal
