
Microsoft Visual Studio Solution File, Format Version 12.00
# Visual Studio Version 16
VisualStudioVersion = 16.0.31402.337
MinimumVisualStudioVersion = 10.0.40219.1
Project("{FAE04EC0-301F-11D3-BF4B-00C04F79EFBC}") = "ConsoleAppExceptionHandlingCheckedUnchecked", "ConsoleAppExceptionHandlingCheckedUnchecked\ConsoleAppExceptionHandlingCheckedUnchecked.csproj", "{BAB3C586-9AF4-4981-80FD-E30691F4B012}"
EndProject
Global
	GlobalSection(SolutionConfigurationPlatforms) = preSolution
		Debug|Any CPU = Debug|Any CPU
		Release|Any CPU = Release|Any CPU
	EndGlobalSection
	GlobalSection(ProjectConfigurationPlatforms) = postSolution
		{BAB3C586-9AF4-4981-80FD-E30691F4B012}.Debug|Any CPU.ActiveCfg = Debug|Any CPU
		{BAB3C586-9AF4-4981-80FD-E30691F4B012}.Debug|Any CPU.Build.0 = Debug|Any CPU
		{BAB3C586-9AF4-4981-80FD-E30691F4B012}.Release|Any CPU.ActiveCfg = Release|Any CPU
		{BAB3C586-9AF4-4981-80FD-E30691F4B012}.Release|Any CPU.Build.0 = Release|Any CPU
	EndGlobalSection
	GlobalSection(SolutionProperties) = preSolution
		HideSolutionNode = FALSE
	EndGlobalSection
	GlobalSection(ExtensibilityGlobals) = postSolution
		SolutionGuid = {2708DDAA-DDC4-4419-BBDB-DAFE913948A7}
	EndGlobalSection
EndGlobal
