
Microsoft Visual Studio Solution File, Format Version 12.00
# Visual Studio Version 16
VisualStudioVersion = 16.0.31402.337
MinimumVisualStudioVersion = 10.0.40219.1
Project("{FAE04EC0-301F-11D3-BF4B-00C04F79EFBC}") = "ConsoleAppCollectionsSortedSet", "ConsoleAppCollectionsSortedSet\ConsoleAppCollectionsSortedSet.csproj", "{24C59C46-6E3E-4E54-99F5-7CFCF834D08A}"
EndProject
Global
	GlobalSection(SolutionConfigurationPlatforms) = preSolution
		Debug|Any CPU = Debug|Any CPU
		Release|Any CPU = Release|Any CPU
	EndGlobalSection
	GlobalSection(ProjectConfigurationPlatforms) = postSolution
		{24C59C46-6E3E-4E54-99F5-7CFCF834D08A}.Debug|Any CPU.ActiveCfg = Debug|Any CPU
		{24C59C46-6E3E-4E54-99F5-7CFCF834D08A}.Debug|Any CPU.Build.0 = Debug|Any CPU
		{24C59C46-6E3E-4E54-99F5-7CFCF834D08A}.Release|Any CPU.ActiveCfg = Release|Any CPU
		{24C59C46-6E3E-4E54-99F5-7CFCF834D08A}.Release|Any CPU.Build.0 = Release|Any CPU
	EndGlobalSection
	GlobalSection(SolutionProperties) = preSolution
		HideSolutionNode = FALSE
	EndGlobalSection
	GlobalSection(ExtensibilityGlobals) = postSolution
		SolutionGuid = {8785DF7C-1890-4D4A-AB57-F0E7C3968FD1}
	EndGlobalSection
EndGlobal
