
Microsoft Visual Studio Solution File, Format Version 12.00
# Visual Studio Version 16
VisualStudioVersion = 16.0.31402.337
MinimumVisualStudioVersion = 10.0.40219.1
Project("{FAE04EC0-301F-11D3-BF4B-00C04F79EFBC}") = "Operators", "Operators\Operators.csproj", "{060FF6BB-CEAE-4BA5-87B4-B5A86EDC45CA}"
EndProject
Global
	GlobalSection(SolutionConfigurationPlatforms) = preSolution
		Debug|Any CPU = Debug|Any CPU
		Release|Any CPU = Release|Any CPU
	EndGlobalSection
	GlobalSection(ProjectConfigurationPlatforms) = postSolution
		{060FF6BB-CEAE-4BA5-87B4-B5A86EDC45CA}.Debug|Any CPU.ActiveCfg = Debug|Any CPU
		{060FF6BB-CEAE-4BA5-87B4-B5A86EDC45CA}.Debug|Any CPU.Build.0 = Debug|Any CPU
		{060FF6BB-CEAE-4BA5-87B4-B5A86EDC45CA}.Release|Any CPU.ActiveCfg = Release|Any CPU
		{060FF6BB-CEAE-4BA5-87B4-B5A86EDC45CA}.Release|Any CPU.Build.0 = Release|Any CPU
	EndGlobalSection
	GlobalSection(SolutionProperties) = preSolution
		HideSolutionNode = FALSE
	EndGlobalSection
	GlobalSection(ExtensibilityGlobals) = postSolution
		SolutionGuid = {F0D120EA-B867-4526-AF71-87866CCB5FAE}
	EndGlobalSection
EndGlobal
