
Microsoft Visual Studio Solution File, Format Version 12.00
# Visual Studio Version 16
VisualStudioVersion = 16.0.31402.337
MinimumVisualStudioVersion = 10.0.40219.1
Project("{FAE04EC0-301F-11D3-BF4B-00C04F79EFBC}") = "InputUser", "InputUser\InputUser.csproj", "{D3B4975D-140F-4AB7-B021-54BCE8AE5C7E}"
EndProject
Global
	GlobalSection(SolutionConfigurationPlatforms) = preSolution
		Debug|Any CPU = Debug|Any CPU
		Release|Any CPU = Release|Any CPU
	EndGlobalSection
	GlobalSection(ProjectConfigurationPlatforms) = postSolution
		{D3B4975D-140F-4AB7-B021-54BCE8AE5C7E}.Debug|Any CPU.ActiveCfg = Debug|Any CPU
		{D3B4975D-140F-4AB7-B021-54BCE8AE5C7E}.Debug|Any CPU.Build.0 = Debug|Any CPU
		{D3B4975D-140F-4AB7-B021-54BCE8AE5C7E}.Release|Any CPU.ActiveCfg = Release|Any CPU
		{D3B4975D-140F-4AB7-B021-54BCE8AE5C7E}.Release|Any CPU.Build.0 = Release|Any CPU
	EndGlobalSection
	GlobalSection(SolutionProperties) = preSolution
		HideSolutionNode = FALSE
	EndGlobalSection
	GlobalSection(ExtensibilityGlobals) = postSolution
		SolutionGuid = {741DFFB3-34EE-4D9C-B3D2-FE6B0B6F9AE5}
	EndGlobalSection
EndGlobal
