
Microsoft Visual Studio Solution File, Format Version 12.00
# Visual Studio Version 16
VisualStudioVersion = 16.0.31402.337
MinimumVisualStudioVersion = 10.0.40219.1
Project("{FAE04EC0-301F-11D3-BF4B-00C04F79EFBC}") = "ConsoleAppSystemExceptionclass", "ConsoleAppSystemExceptionclass\ConsoleAppSystemExceptionclass.csproj", "{8D1E7DF2-2E62-4118-B7E6-85436FF12323}"
EndProject
Global
	GlobalSection(SolutionConfigurationPlatforms) = preSolution
		Debug|Any CPU = Debug|Any CPU
		Release|Any CPU = Release|Any CPU
	EndGlobalSection
	GlobalSection(ProjectConfigurationPlatforms) = postSolution
		{8D1E7DF2-2E62-4118-B7E6-85436FF12323}.Debug|Any CPU.ActiveCfg = Debug|Any CPU
		{8D1E7DF2-2E62-4118-B7E6-85436FF12323}.Debug|Any CPU.Build.0 = Debug|Any CPU
		{8D1E7DF2-2E62-4118-B7E6-85436FF12323}.Release|Any CPU.ActiveCfg = Release|Any CPU
		{8D1E7DF2-2E62-4118-B7E6-85436FF12323}.Release|Any CPU.Build.0 = Release|Any CPU
	EndGlobalSection
	GlobalSection(SolutionProperties) = preSolution
		HideSolutionNode = FALSE
	EndGlobalSection
	GlobalSection(ExtensibilityGlobals) = postSolution
		SolutionGuid = {877682D6-3984-48C6-9232-20AA994F39D3}
	EndGlobalSection
EndGlobal
